// !$*UTF8*$!
{
	archiveVersion = 1;
	classes = {
	};
	objectVersion = 50;
	objects = {

/* Begin PBXBuildFile section */
		AB493AAC21C0D050000F6A87 /* AppDelegate.swift in Sources */ = {isa = PBXBuildFile; fileRef = AB493AAB21C0D050000F6A87 /* AppDelegate.swift */; };
		AB493AAE21C0D050000F6A87 /* ViewController.swift in Sources */ = {isa = PBXBuildFile; fileRef = AB493AAD21C0D050000F6A87 /* ViewController.swift */; };
		AB493AB121C0D050000F6A87 /* Main.storyboard in Resources */ = {isa = PBXBuildFile; fileRef = AB493AAF21C0D050000F6A87 /* Main.storyboard */; };
		AB493AB321C0D051000F6A87 /* Assets.xcassets in Resources */ = {isa = PBXBuildFile; fileRef = AB493AB221C0D051000F6A87 /* Assets.xcassets */; };
		AB493AB621C0D051000F6A87 /* LaunchScreen.storyboard in Resources */ = {isa = PBXBuildFile; fileRef = AB493AB421C0D051000F6A87 /* LaunchScreen.storyboard */; };
		AB493ABE21C0E2E2000F6A87 /* DetailViewController.swift in Sources */ = {isa = PBXBuildFile; fileRef = AB493ABD21C0E2E2000F6A87 /* DetailViewController.swift */; };
		AB493AC121C0E9C2000F6A87 /* ListTableViewCell.swift in Sources */ = {isa = PBXBuildFile; fileRef = AB493ABF21C0E9C2000F6A87 /* ListTableViewCell.swift */; };
		AB493AC221C0E9C2000F6A87 /* ListTableViewCell.xib in Resources */ = {isa = PBXBuildFile; fileRef = AB493AC021C0E9C2000F6A87 /* ListTableViewCell.xib */; };
/* End PBXBuildFile section */

/* Begin PBXFileReference section */
		AB493AA821C0D050000F6A87 /* KeepAtIt.app */ = {isa = PBXFileReference; explicitFileType = wrapper.application; includeInIndex = 0; path = KeepAtIt.app; sourceTree = BUILT_PRODUCTS_DIR; };
		AB493AAB21C0D050000F6A87 /* AppDelegate.swift */ = {isa = PBXFileReference; lastKnownFileType = sourcecode.swift; path = AppDelegate.swift; sourceTree = "<group>"; };
		AB493AAD21C0D050000F6A87 /* ViewController.swift */ = {isa = PBXFileReference; lastKnownFileType = sourcecode.swift; path = ViewController.swift; sourceTree = "<group>"; };
		AB493AB021C0D050000F6A87 /* Base */ = {isa = PBXFileReference; lastKnownFileType = file.storyboard; name = Base; path = Base.lproj/Main.storyboard; sourceTree = "<group>"; };
		AB493AB221C0D051000F6A87 /* Assets.xcassets */ = {isa = PBXFileReference; lastKnownFileType = folder.assetcatalog; path = Assets.xcassets; sourceTree = "<group>"; };
		AB493AB521C0D051000F6A87 /* Base */ = {isa = PBXFileReference; lastKnownFileType = file.storyboard; name = Base; path = Base.lproj/LaunchScreen.storyboard; sourceTree = "<group>"; };
		AB493AB721C0D051000F6A87 /* Info.plist */ = {isa = PBXFileReference; lastKnownFileType = text.plist.xml; path = Info.plist; sourceTree = "<group>"; };
		AB493ABD21C0E2E2000F6A87 /* DetailViewController.swift */ = {isa = PBXFileReference; lastKnownFileType = sourcecode.swift; path = DetailViewController.swift; sourceTree = "<group>"; };
		AB493ABF21C0E9C2000F6A87 /* ListTableViewCell.swift */ = {isa = PBXFileReference; lastKnownFileType = sourcecode.swift; path = ListTableViewCell.swift; sourceTree = "<group>"; };
		AB493AC021C0E9C2000F6A87 /* ListTableViewCell.xib */ = {isa = PBXFileReference; lastKnownFileType = file.xib; path = ListTableViewCell.xib; sourceTree = "<group>"; };
/* End PBXFileReference section */

/* Begin PBXFrameworksBuildPhase section */
		AB493AA521C0D050000F6A87 /* Frameworks */ = {
			isa = PBXFrameworksBuildPhase;
			buildActionMask = 2147483647;
			files = (
			);
			runOnlyForDeploymentPostprocessing = 0;
		};
/* End PBXFrameworksBuildPhase section */

/* Begin PBXGroup section */
		AB493A9F21C0D050000F6A87 = {
			isa = PBXGroup;
			children = (
				AB493AAA21C0D050000F6A87 /* KeepAtIt */,
				AB493AA921C0D050000F6A87 /* Products */,
			);
			sourceTree = "<group>";
		};
		AB493AA921C0D050000F6A87 /* Products */ = {
			isa = PBXGroup;
			children = (
				AB493AA821C0D050000F6A87 /* KeepAtIt.app */,
			);
			name = Products;
			sourceTree = "<group>";
		};
		AB493AAA21C0D050000F6A87 /* KeepAtIt */ = {
			isa = PBXGroup;
			children = (
				AB493AAB21C0D050000F6A87 /* AppDelegate.swift */,
				AB493AAD21C0D050000F6A87 /* ViewController.swift */,
				AB493ABF21C0E9C2000F6A87 /* ListTableViewCell.swift */,
				AB493AC021C0E9C2000F6A87 /* ListTableViewCell.xib */,
				AB493AAF21C0D050000F6A87 /* Main.storyboard */,
				AB493AB221C0D051000F6A87 /* Assets.xcassets */,
				AB493AB421C0D051000F6A87 /* LaunchScreen.storyboard */,
				AB493AB721C0D051000F6A87 /* Info.plist */,
				AB493ABD21C0E2E2000F6A87 /* DetailViewController.swift */,
			);
			path = KeepAtIt;
			sourceTree = "<group>";
		};
/* End PBXGroup section */

/* Begin PBXNativeTarget section */
		AB493AA721C0D050000F6A87 /* KeepAtIt */ = {
			isa = PBXNativeTarget;
			buildConfigurationList = AB493ABA21C0D051000F6A87 /* Build configuration list for PBXNativeTarget "KeepAtIt" */;
			buildPhases = (
				AB493AA421C0D050000F6A87 /* Sources */,
				AB493AA521C0D050000F6A87 /* Frameworks */,
				AB493AA621C0D050000F6A87 /* Resources */,
			);
			buildRules = (
			);
			dependencies = (
			);
			name = KeepAtIt;
			productName = KeepAtIt;
			productReference = AB493AA821C0D050000F6A87 /* KeepAtIt.app */;
			productType = "com.apple.product-type.application";
		};
/* End PBXNativeTarget section */

/* Begin PBXProject section */
		AB493AA021C0D050000F6A87 /* Project object */ = {
			isa = PBXProject;
			attributes = {
				LastSwiftUpdateCheck = 1000;
				LastUpgradeCheck = 1000;
				ORGANIZATIONNAME = nttr;
				TargetAttributes = {
					AB493AA721C0D050000F6A87 = {
						CreatedOnToolsVersion = 10.0;
					};
				};
			};
			buildConfigurationList = AB493AA321C0D050000F6A87 /* Build configuration list for PBXProject "KeepAtIt" */;
			compatibilityVersion = "Xcode 9.3";
			developmentRegion = en;
			hasScannedForEncodings = 0;
			knownRegions = (
				en,
				Base,
			);
			mainGroup = AB493A9F21C0D050000F6A87;
			productRefGroup = AB493AA921C0D050000F6A87 /* Products */;
			projectDirPath = "";
			projectRoot = "";
			targets = (
				AB493AA721C0D050000F6A87 /* KeepAtIt */,
			);
		};
/* End PBXProject section */

/* Begin PBXResourcesBuildPhase section */
		AB493AA621C0D050000F6A87 /* Resources */ = {
			isa = PBXResourcesBuildPhase;
			buildActionMask = 2147483647;
			files = (
				AB493AB621C0D051000F6A87 /* LaunchScreen.storyboard in Resources */,
				AB493AC221C0E9C2000F6A87 /* ListTableViewCell.xib in Resources */,
				AB493AB321C0D051000F6A87 /* Assets.xcassets in Resources */,
				AB493AB121C0D050000F6A87 /* Main.storyboard in Resources */,
			);
			runOnlyForDeploymentPostprocessing = 0;
		};
/* End PBXResourcesBuildPhase section */

/* Begin PBXSourcesBuildPhase section */
		AB493AA421C0D050000F6A87 /* Sources */ = {
			isa = PBXSourcesBuildPhase;
			buildActionMask = 2147483647;
			files = (
				AB493ABE21C0E2E2000F6A87 /* DetailViewController.swift in Sources */,
				AB493AC121C0E9C2000F6A87 /* ListTableViewCell.swift in Sources */,
				AB493AAE21C0D050000F6A87 /* ViewController.swift in Sources */,
				AB493AAC21C0D050000F6A87 /* AppDelegate.swift in Sources */,
			);
			runOnlyForDeploymentPostprocessing = 0;
		};
/* End PBXSourcesBuildPhase section */

/* Begin PBXVariantGroup section */
		AB493AAF21C0D050000F6A87 /* Main.storyboard */ = {
			isa = PBXVariantGroup;
			children = (
				AB493AB021C0D050000F6A87 /* Base */,
			);
			name = Main.storyboard;
			sourceTree = "<group>";
		};
		AB493AB421C0D051000F6A87 /* LaunchScreen.storyboard */ = {
			isa = PBXVariantGroup;
			children = (
				AB493AB521C0D051000F6A87 /* Base */,
			);
			name = LaunchScreen.storyboard;
			sourceTree = "<group>";
		};
/* End PBXVariantGroup section */

/* Begin XCBuildConfiguration section */
		AB493AB821C0D051000F6A87 /* Debug */ = {
			isa = XCBuildConfiguration;
			buildSettings = {
				ALWAYS_SEARCH_USER_PATHS = NO;
				CLANG_ANALYZER_NONNULL = YES;
				CLANG_ANALYZER_NUMBER_OBJECT_CONVERSION = YES_AGGRESSIVE;
				CLANG_CXX_LANGUAGE_STANDARD = "gnu++14";
				CLANG_CXX_LIBRARY = "libc++";
				CLANG_ENABLE_MODULES = YES;
				CLANG_ENABLE_OBJC_ARC = YES;
				CLANG_ENABLE_OBJC_WEAK = YES;
				CLANG_WARN_BLOCK_CAPTURE_AUTORELEASING = YES;
				CLANG_WARN_BOOL_CONVERSION = YES;
				CLANG_WARN_COMMA = YES;
				CLANG_WARN_CONSTANT_CONVERSION = YES;
				CLANG_WARN_DEPRECATED_OBJC_IMPLEMENTATIONS = YES;
				CLANG_WARN_DIRECT_OBJC_ISA_USAGE = YES_ERROR;
				CLANG_WARN_DOCUMENTATION_COMMENTS = YES;
				CLANG_WARN_EMPTY_BODY = YES;
				CLANG_WARN_ENUM_CONVERSION = YES;
				CLANG_WARN_INFINITE_RECURSION = YES;
				CLANG_WARN_INT_CONVERSION = YES;
				CLANG_WARN_NON_LITERAL_NULL_CONVERSION = YES;
				CLANG_WARN_OBJC_IMPLICIT_RETAIN_SELF = YES;
				CLANG_WARN_OBJC_LITERAL_CONVERSION = YES;
				CLANG_WARN_OBJC_ROOT_CLASS = YES_ERROR;
				CLANG_WARN_RANGE_LOOP_ANALYSIS = YES;
				CLANG_WARN_STRICT_PROTOTYPES = YES;
				CLANG_WARN_SUSPICIOUS_MOVE = YES;
				CLANG_WARN_UNGUARDED_AVAILABILITY = YES_AGGRESSIVE;
				CLANG_WARN_UNREACHABLE_CODE = YES;
				CLANG_WARN__DUPLICATE_METHOD_MATCH = YES;
				CODE_SIGN_IDENTITY = "iPhone Developer";
				COPY_PHASE_STRIP = NO;
				DEBUG_INFORMATION_FORMAT = dwarf;
				ENABLE_STRICT_OBJC_MSGSEND = YES;
				ENABLE_TESTABILITY = YES;
				GCC_C_LANGUAGE_STANDARD = gnu11;
				GCC_DYNAMIC_NO_PIC = NO;
				GCC_NO_COMMON_BLOCKS = YES;
				GCC_OPTIMIZATION_LEVEL = 0;
				GCC_PREPROCESSOR_DEFINITIONS = (
					"DEBUG=1",
					"$(inherited)",
				);
				GCC_WARN_64_TO_32_BIT_CONVERSION = YES;
				GCC_WARN_ABOUT_RETURN_TYPE = YES_ERROR;
				GCC_WARN_UNDECLARED_SELECTOR = YES;
				GCC_WARN_UNINITIALIZED_AUTOS = YES_AGGRESSIVE;
				GCC_WARN_UNUSED_FUNCTION = YES;
				GCC_WARN_UNUSED_VARIABLE = YES;
				IPHONEOS_DEPLOYMENT_TARGET = 12.0;
				MTL_ENABLE_DEBUG_INFO = INCLUDE_SOURCE;
				MTL_FAST_MATH = YES;
				ONLY_ACTIVE_ARCH = YES;
				SDKROOT = iphoneos;
				SWIFT_ACTIVE_COMPILATION_CONDITIONS = DEBUG;
				SWIFT_OPTIMIZATION_LEVEL = "-Onone";
			};
			name = Debug;
		};
		AB493AB921C0D051000F6A87 /* Release */ = {
			isa = XCBuildConfiguration;
			buildSettings = {
				ALWAYS_SEARCH_USER_PATHS = NO;
				CLANG_ANALYZER_NONNULL = YES;
				CLANG_ANALYZER_NUMBER_OBJECT_CONVERSION = YES_AGGRESSIVE;
				CLANG_CXX_LANGUAGE_STANDARD = "gnu++14";
				CLANG_CXX_LIBRARY = "libc++";
				CLANG_ENABLE_MODULES = YES;
				CLANG_ENABLE_OBJC_ARC = YES;
				CLANG_ENABLE_OBJC_WEAK = YES;
				CLANG_WARN_BLOCK_CAPTURE_AUTORELEASING = YES;
				CLANG_WARN_BOOL_CONVERSION = YES;
				CLANG_WARN_COMMA = YES;
				CLANG_WARN_CONSTANT_CONVERSION = YES;
				CLANG_WARN_DEPRECATED_OBJC_IMPLEMENTATIONS = YES;
				CLANG_WARN_DIRECT_OBJC_ISA_USAGE = YES_ERROR;
				CLANG_WARN_DOCUMENTATION_COMMENTS = YES;
				CLANG_WARN_EMPTY_BODY = YES;
				CLANG_WARN_ENUM_CONVERSION = YES;
				CLANG_WARN_INFINITE_RECURSION = YES;
				CLANG_WARN_INT_CONVERSION = YES;
				CLANG_WARN_NON_LITERAL_NULL_CONVERSION = YES;
				CLANG_WARN_OBJC_IMPLICIT_RETAIN_SELF = YES;
				CLANG_WARN_OBJC_LITERAL_CONVERSION = YES;
				CLANG_WARN_OBJC_ROOT_CLASS = YES_ERROR;
				CLANG_WARN_RANGE_LOOP_ANALYSIS = YES;
				CLANG_WARN_STRICT_PROTOTYPES = YES;
				CLANG_WARN_SUSPICIOUS_MOVE = YES;
				CLANG_WARN_UNGUARDED_AVAILABILITY = YES_AGGRESSIVE;
				CLANG_WARN_UNREACHABLE_CODE = YES;
				CLANG_WARN__DUPLICATE_METHOD_MATCH = YES;
				CODE_SIGN_IDENTITY = "iPhone Developer";
				COPY_PHASE_STRIP = NO;
				DEBUG_INFORMATION_FORMAT = "dwarf-with-dsym";
				ENABLE_NS_ASSERTIONS = NO;
				ENABLE_STRICT_OBJC_MSGSEND = YES;
				GCC_C_LANGUAGE_STANDARD = gnu11;
				GCC_NO_COMMON_BLOCKS = YES;
				GCC_WARN_64_TO_32_BIT_CONVERSION = YES;
				GCC_WARN_ABOUT_RETURN_TYPE = YES_ERROR;
				GCC_WARN_UNDECLARED_SELECTOR = YES;
				GCC_WARN_UNINITIALIZED_AUTOS = YES_AGGRESSIVE;
				GCC_WARN_UNUSED_FUNCTION = YES;
				GCC_WARN_UNUSED_VARIABLE = YES;
				IPHONEOS_DEPLOYMENT_TARGET = 12.0;
				MTL_ENABLE_DEBUG_INFO = NO;
				MTL_FAST_MATH = YES;
				SDKROOT = iphoneos;
				SWIFT_COMPILATION_MODE = wholemodule;
				SWIFT_OPTIMIZATION_LEVEL = "-O";
				VALIDATE_PRODUCT = YES;
			};
			name = Release;
		};
		AB493ABB21C0D051000F6A87 /* Debug */ = {
			isa = XCBuildConfiguration;
			buildSettings = {
				ASSETCATALOG_COMPILER_APPICON_NAME = AppIcon;
				CODE_SIGN_STYLE = Automatic;
				INFOPLIST_FILE = KeepAtIt/Info.plist;
				IPHONEOS_DEPLOYMENT_TARGET = 12.0;
				LD_RUNPATH_SEARCH_PATHS = (
					"$(inherited)",
					"@executable_path/Frameworks",
				);
				PRODUCT_BUNDLE_IDENTIFIER = yuki.nttr.KeepAtIt;
				PRODUCT_NAME = "$(TARGET_NAME)";
				SWIFT_VERSION = 4.2;
				TARGETED_DEVICE_FAMILY = "1,2";
			};
			name = Debug;
		};
		AB493ABC21C0D051000F6A87 /* Release */ = {
			isa = XCBuildConfiguration;
			buildSettings = {
				ASSETCATALOG_COMPILER_APPICON_NAME = AppIcon;
				CODE_SIGN_STYLE = Automatic;
				INFOPLIST_FILE = KeepAtIt/Info.plist;
				IPHONEOS_DEPLOYMENT_TARGET = 12.0;
				LD_RUNPATH_SEARCH_PATHS = (
					"$(inherited)",
					"@executable_path/Frameworks",
				);
				PRODUCT_BUNDLE_IDENTIFIER = yuki.nttr.KeepAtIt;
				PRODUCT_NAME = "$(TARGET_NAME)";
				SWIFT_VERSION = 4.2;
				TARGETED_DEVICE_FAMILY = "1,2";
			};
			name = Release;
		};
/* End XCBuildConfiguration section */

/* Begin XCConfigurationList section */
		AB493AA321C0D050000F6A87 /* Build configuration list for PBXProject "KeepAtIt" */ = {
			isa = XCConfigurationList;
			buildConfigurations = (
				AB493AB821C0D051000F6A87 /* Debug */,
				AB493AB921C0D051000F6A87 /* Release */,
			);
			defaultConfigurationIsVisible = 0;
			defaultConfigurationName = Release;
		};
		AB493ABA21C0D051000F6A87 /* Build configuration list for PBXNativeTarget "KeepAtIt" */ = {
			isa = XCConfigurationList;
			buildConfigurations = (
				AB493ABB21C0D051000F6A87 /* Debug */,
				AB493ABC21C0D051000F6A87 /* Release */,
			);
			defaultConfigurationIsVisible = 0;
			defaultConfigurationName = Release;
		};
/* End XCConfigurationList section */
	};
	rootObject = AB493AA021C0D050000F6A87 /* Project object */;
}
